
Microsoft Visual Studio Solution File, Format Version 12.00
# Visual Studio Version 17
VisualStudioVersion = 17.5.33414.496
MinimumVisualStudioVersion = 10.0.40219.1
Project("{FAE04EC0-301F-11D3-BF4B-00C04F79EFBC}") = "DonutWisdomService", "DonutWisdomService\DonutWisdomService.csproj", "{C2CA38C5-354B-4B3D-B156-8C893B641D28}"
EndProject
Project("{9A19103F-16F7-4668-BE54-9A1E7A4F7556}") = "DonutWisdomServiceTests", "DonutWisdomServiceTests\DonutWisdomServiceTests.csproj", "{66F6FEF5-36C1-473D-82BD-F772BEF11CF6}"
EndProject
Project("{FAE04EC0-301F-11D3-BF4B-00C04F79EFBC}") = "DonutWisdomManager", "DonutWisdomManager\DonutWisdomManager.csproj", "{E652868F-9D45-4289-8188-5B9BD71980C0}"
EndProject
Global
	GlobalSection(SolutionConfigurationPlatforms) = preSolution
		Debug|Any CPU = Debug|Any CPU
		Release|Any CPU = Release|Any CPU
	EndGlobalSection
	GlobalSection(ProjectConfigurationPlatforms) = postSolution
		{C2CA38C5-354B-4B3D-B156-8C893B641D28}.Debug|Any CPU.ActiveCfg = Debug|Any CPU
		{C2CA38C5-354B-4B3D-B156-8C893B641D28}.Debug|Any CPU.Build.0 = Debug|Any CPU
		{C2CA38C5-354B-4B3D-B156-8C893B641D28}.Release|Any CPU.ActiveCfg = Release|Any CPU
		{C2CA38C5-354B-4B3D-B156-8C893B641D28}.Release|Any CPU.Build.0 = Release|Any CPU
		{66F6FEF5-36C1-473D-82BD-F772BEF11CF6}.Debug|Any CPU.ActiveCfg = Debug|Any CPU
		{66F6FEF5-36C1-473D-82BD-F772BEF11CF6}.Debug|Any CPU.Build.0 = Debug|Any CPU
		{66F6FEF5-36C1-473D-82BD-F772BEF11CF6}.Release|Any CPU.ActiveCfg = Release|Any CPU
		{66F6FEF5-36C1-473D-82BD-F772BEF11CF6}.Release|Any CPU.Build.0 = Release|Any CPU
		{E652868F-9D45-4289-8188-5B9BD71980C0}.Debug|Any CPU.ActiveCfg = Debug|Any CPU
		{E652868F-9D45-4289-8188-5B9BD71980C0}.Debug|Any CPU.Build.0 = Debug|Any CPU
		{E652868F-9D45-4289-8188-5B9BD71980C0}.Release|Any CPU.ActiveCfg = Release|Any CPU
		{E652868F-9D45-4289-8188-5B9BD71980C0}.Release|Any CPU.Build.0 = Release|Any CPU
	EndGlobalSection
	GlobalSection(SolutionProperties) = preSolution
		HideSolutionNode = FALSE
	EndGlobalSection
	GlobalSection(ExtensibilityGlobals) = postSolution
		SolutionGuid = {0607AE4C-926F-468D-8552-DA2E6E050020}
	EndGlobalSection
EndGlobal
